
Microsoft Visual Studio Solution File, Format Version 12.00
# Visual Studio Version 16
VisualStudioVersion = 16.0.28803.352
MinimumVisualStudioVersion = 10.0.40219.1
Project("{9A19103F-16F7-4668-BE54-9A1E7A4F7556}") = "ActionResult", "CommonMVC\ActionResult.csproj", "{3D87109C-B3CA-4CE7-82E2-DA81C1369054}"
EndProject
Project("{9A19103F-16F7-4668-BE54-9A1E7A4F7556}") = "ControllerOverrides", "ControllerOverrides\ControllerOverrides.csproj", "{045C9825-94A6-448F-9A04-3AE2B958CBA9}"
EndProject
Project("{9A19103F-16F7-4668-BE54-9A1E7A4F7556}") = "Views", "Views\Views.csproj", "{92D7B085-84DB-4C29-B714-18BD7CC2136F}"
EndProject
Project("{FAE04EC0-301F-11D3-BF4B-00C04F79EFBC}") = "Forms", "Forms\Forms.csproj", "{CEFEFB2F-FB6F-4CB4-9A12-45382CCEF986}"
EndProject
Global
	GlobalSection(SolutionConfigurationPlatforms) = preSolution
		Debug|Any CPU = Debug|Any CPU
		Release|Any CPU = Release|Any CPU
	EndGlobalSection
	GlobalSection(ProjectConfigurationPlatforms) = postSolution
		{3D87109C-B3CA-4CE7-82E2-DA81C1369054}.Debug|Any CPU.ActiveCfg = Debug|Any CPU
		{3D87109C-B3CA-4CE7-82E2-DA81C1369054}.Debug|Any CPU.Build.0 = Debug|Any CPU
		{3D87109C-B3CA-4CE7-82E2-DA81C1369054}.Release|Any CPU.ActiveCfg = Release|Any CPU
		{3D87109C-B3CA-4CE7-82E2-DA81C1369054}.Release|Any CPU.Build.0 = Release|Any CPU
		{045C9825-94A6-448F-9A04-3AE2B958CBA9}.Debug|Any CPU.ActiveCfg = Debug|Any CPU
		{045C9825-94A6-448F-9A04-3AE2B958CBA9}.Debug|Any CPU.Build.0 = Debug|Any CPU
		{045C9825-94A6-448F-9A04-3AE2B958CBA9}.Release|Any CPU.ActiveCfg = Release|Any CPU
		{045C9825-94A6-448F-9A04-3AE2B958CBA9}.Release|Any CPU.Build.0 = Release|Any CPU
		{92D7B085-84DB-4C29-B714-18BD7CC2136F}.Debug|Any CPU.ActiveCfg = Debug|Any CPU
		{92D7B085-84DB-4C29-B714-18BD7CC2136F}.Debug|Any CPU.Build.0 = Debug|Any CPU
		{92D7B085-84DB-4C29-B714-18BD7CC2136F}.Release|Any CPU.ActiveCfg = Release|Any CPU
		{92D7B085-84DB-4C29-B714-18BD7CC2136F}.Release|Any CPU.Build.0 = Release|Any CPU
		{CEFEFB2F-FB6F-4CB4-9A12-45382CCEF986}.Debug|Any CPU.ActiveCfg = Debug|Any CPU
		{CEFEFB2F-FB6F-4CB4-9A12-45382CCEF986}.Debug|Any CPU.Build.0 = Debug|Any CPU
		{CEFEFB2F-FB6F-4CB4-9A12-45382CCEF986}.Release|Any CPU.ActiveCfg = Release|Any CPU
		{CEFEFB2F-FB6F-4CB4-9A12-45382CCEF986}.Release|Any CPU.Build.0 = Release|Any CPU
	EndGlobalSection
	GlobalSection(SolutionProperties) = preSolution
		HideSolutionNode = FALSE
	EndGlobalSection
	GlobalSection(ExtensibilityGlobals) = postSolution
		SolutionGuid = {69BBA1C4-8074-43A4-86C5-CBC0C653BF8F}
	EndGlobalSection
EndGlobal
